
Microsoft Visual Studio Solution File, Format Version 12.00
# Visual Studio Version 17
VisualStudioVersion = 17.5.002.0
MinimumVisualStudioVersion = 10.0.40219.1
Project("{9A19103F-16F7-4668-BE54-9A1E7A4F7556}") = "21-10-2022", "21-10-2022\21-10-2022.csproj", "{874B3C72-4616-4120-9A2E-79A45CF7D429}"
EndProject
Project("{2150E333-8FDC-42A3-9474-1A3956D46DE8}") = "01-11-2022", "01-11-2022", "{9283F125-B39E-4837-8E43-1F5C74711A11}"
EndProject
Project("{9A19103F-16F7-4668-BE54-9A1E7A4F7556}") = "Class", "01-11-2022\Class\Class.csproj", "{FEF93561-54E5-4A84-9BBB-85B16524E93F}"
EndProject
Project("{9A19103F-16F7-4668-BE54-9A1E7A4F7556}") = "indexes", "01-11-2022\indexes\indexes.csproj", "{E6FDD2EE-7ADF-4D06-B0BC-0DA0525ED696}"
EndProject
Project("{9A19103F-16F7-4668-BE54-9A1E7A4F7556}") = "Partial", "01-11-2022\Partial\Partial.csproj", "{19208233-4520-45EA-BAC4-FCA5F185B818}"
EndProject
Project("{9A19103F-16F7-4668-BE54-9A1E7A4F7556}") = "PartialMethod", "01-11-2022\PartialMethod\PartialMethod.csproj", "{4471F056-BCB1-4312-8D6C-CB9BE3072306}"
EndProject
Project("{9A19103F-16F7-4668-BE54-9A1E7A4F7556}") = "Practical1", "01-11-2022\Practical1\Practical1.csproj", "{E5B50BB4-6879-49B7-925A-B7E449FB0BA0}"
EndProject
Project("{9A19103F-16F7-4668-BE54-9A1E7A4F7556}") = "Practical10", "01-11-2022\Practical10\Practical10.csproj", "{B10CD75E-AE5A-44EB-89D9-08247C58B503}"
EndProject
Project("{9A19103F-16F7-4668-BE54-9A1E7A4F7556}") = "Practical11", "01-11-2022\Practical11\Practical11.csproj", "{6BA4D140-16A3-47CF-9C49-5E28B3172570}"
EndProject
Project("{9A19103F-16F7-4668-BE54-9A1E7A4F7556}") = "Practical2", "01-11-2022\Practical2\Practical2.csproj", "{F3E24BEE-26EE-412A-91EF-C99CF04604F9}"
EndProject
Project("{9A19103F-16F7-4668-BE54-9A1E7A4F7556}") = "Practical3", "01-11-2022\Practical3\Practical3.csproj", "{49DBFB8C-D31F-4F1E-BB1D-A35AE72AAEF0}"
EndProject
Project("{9A19103F-16F7-4668-BE54-9A1E7A4F7556}") = "Practical4", "01-11-2022\Practical4\Practical4.csproj", "{E6D26DD3-D33D-47FF-B9D3-2B8DB671E867}"
EndProject
Project("{9A19103F-16F7-4668-BE54-9A1E7A4F7556}") = "Practical5", "01-11-2022\Practical5\Practical5.csproj", "{562C325F-8115-41E1-B9B6-E1D3D5B23AE2}"
EndProject
Project("{9A19103F-16F7-4668-BE54-9A1E7A4F7556}") = "Practical6", "01-11-2022\Practical6\Practical6.csproj", "{BAA77025-CDF9-4929-B967-DDA432E44E2E}"
EndProject
Project("{9A19103F-16F7-4668-BE54-9A1E7A4F7556}") = "Practical7", "01-11-2022\Practical7\Practical7.csproj", "{EDEDD892-9580-4FE3-BAA9-6F099C4F8E73}"
EndProject
Project("{9A19103F-16F7-4668-BE54-9A1E7A4F7556}") = "Practical8", "01-11-2022\Practical8\Practical8.csproj", "{A30D21A2-CA26-4F07-BE72-93EB7D99E58E}"
EndProject
Project("{9A19103F-16F7-4668-BE54-9A1E7A4F7556}") = "Practical9", "01-11-2022\Practical9\Practical9.csproj", "{73813C54-4559-494C-940B-FE4B6F9D2F14}"
EndProject
Project("{9A19103F-16F7-4668-BE54-9A1E7A4F7556}") = "StringAndAtringBuilder", "01-11-2022\StringAndAtringBuilder\StringAndAtringBuilder.csproj", "{9EF52E9B-04CF-40B8-8B2D-4EC60D590968}"
EndProject
Project("{9A19103F-16F7-4668-BE54-9A1E7A4F7556}") = "ToString", "01-11-2022\ToString\ToString.csproj", "{F9D83FE2-DB37-4F76-997A-A99CBDEB3425}"
EndProject
Project("{2150E333-8FDC-42A3-9474-1A3956D46DE8}") = "02-11-2022", "02-11-2022", "{E71EE58D-A17C-4B77-96CF-20691BF043B4}"
EndProject
Project("{9A19103F-16F7-4668-BE54-9A1E7A4F7556}") = "OutRef", "02-11-2022\OutRef\OutRef.csproj", "{AC1F2477-9B5B-4A56-9939-B31ACD4FFA59}"
EndProject
Project("{9A19103F-16F7-4668-BE54-9A1E7A4F7556}") = "Polymorphism", "02-11-2022\Polymorphism\Polymorphism.csproj", "{EE9BA6F4-34E5-4134-9E67-D173DC9A740B}"
EndProject
Project("{9A19103F-16F7-4668-BE54-9A1E7A4F7556}") = "Practice1", "02-11-2022\Practice1\Practice1.csproj", "{7817FFE2-D6AA-4BD0-B9C1-8D35DDBD5495}"
EndProject
Project("{9A19103F-16F7-4668-BE54-9A1E7A4F7556}") = "reftype", "02-11-2022\reftype\reftype.csproj", "{B403E7AB-69E8-497C-BC40-DD1CCE60728D}"
EndProject
Project("{9A19103F-16F7-4668-BE54-9A1E7A4F7556}") = "study1", "02-11-2022\Study1\study1.csproj", "{7A95DE56-D804-424C-9008-561DB401A220}"
EndProject
Project("{9A19103F-16F7-4668-BE54-9A1E7A4F7556}") = "study2SI", "02-11-2022\Study2SI\study2SI.csproj", "{D9E9FB76-F0F4-47C3-B95A-BF073EFC18EC}"
EndProject
Project("{9A19103F-16F7-4668-BE54-9A1E7A4F7556}") = "studyINH", "02-11-2022\StudyINH\studyINH.csproj", "{C602AEB2-3BA0-403D-89D3-03E8450B0DB9}"
EndProject
Project("{9A19103F-16F7-4668-BE54-9A1E7A4F7556}") = "studyINH1", "02-11-2022\studyINH1\studyINH1.csproj", "{2B6489C3-500A-47E9-88AD-0C3F49CEC2AF}"
EndProject
Project("{9A19103F-16F7-4668-BE54-9A1E7A4F7556}") = "StudyMH", "02-11-2022\StudyMH\StudyMH.csproj", "{58DDBD13-A32B-4D7F-8783-DD1D451F6EA6}"
EndProject
Project("{9A19103F-16F7-4668-BE54-9A1E7A4F7556}") = "valuetype", "02-11-2022\valuetype\valuetype.csproj", "{8F721E93-E7E7-4747-AAA7-99A4C7403684}"
EndProject
Project("{2150E333-8FDC-42A3-9474-1A3956D46DE8}") = "21-10-2022 (1)", "21-10-2022", "{497B3F4C-C562-4DB2-BFED-B4C13391C04B}"
EndProject
Project("{9A19103F-16F7-4668-BE54-9A1E7A4F7556}") = "arrayinC#", "21-10-2022\arrayinC#\arrayinC#.csproj", "{B619EA04-C16F-4C4F-94BA-C00ED1EC1841}"
EndProject
Project("{9A19103F-16F7-4668-BE54-9A1E7A4F7556}") = "dataType", "21-10-2022\dataType\dataType.csproj", "{84F246B7-8049-4332-9AA3-120ECF4EA82D}"
EndProject
Project("{9A19103F-16F7-4668-BE54-9A1E7A4F7556}") = "datatypeConversion", "21-10-2022\datatypeConversion\datatypeConversion.csproj", "{9F544907-BC33-499A-B3A1-4B5EE2C16631}"
EndProject
Project("{9A19103F-16F7-4668-BE54-9A1E7A4F7556}") = "ifStatement", "21-10-2022\ifStatement\ifStatement.csproj", "{2439E655-4D93-4F96-9776-FEA77D89CAA1}"
EndProject
Project("{9A19103F-16F7-4668-BE54-9A1E7A4F7556}") = "nullableType", "21-10-2022\nullableType\nullableType.csproj", "{649F27BD-20E8-4B93-A5EF-8FCB979D42C9}"
EndProject
Project("{9A19103F-16F7-4668-BE54-9A1E7A4F7556}") = "nullableType2", "21-10-2022\nullableType2\nullableType2.csproj", "{A898E0F6-4E6C-40DA-8A74-4B6805C92E61}"
EndProject
Project("{9A19103F-16F7-4668-BE54-9A1E7A4F7556}") = "nullCoalescing", "21-10-2022\nullCoalescing\nullCoalescing.csproj", "{2A0817CD-406F-4C1F-B4C5-79C78BD086E2}"
EndProject
Project("{9A19103F-16F7-4668-BE54-9A1E7A4F7556}") = "operators", "21-10-2022\operators\operators.csproj", "{28AAB6A5-26FE-43DB-ADEF-E3746B304043}"
EndProject
Project("{9A19103F-16F7-4668-BE54-9A1E7A4F7556}") = "readWrite", "21-10-2022\readWrite\readWrite.csproj", "{4365AE5D-FF1A-4BF4-BAA4-15E8A3771CD0}"
EndProject
Project("{9A19103F-16F7-4668-BE54-9A1E7A4F7556}") = "readWrite2", "21-10-2022\readWrite2\readWrite2.csproj", "{3BC7C1EB-5ADB-4C08-8F78-1774E3C9AB4B}"
EndProject
Project("{2150E333-8FDC-42A3-9474-1A3956D46DE8}") = "27-10-2022", "27-10-2022", "{FFFFEE75-FBE4-4A28-89C9-4C33EC6F2981}"
EndProject
Project("{9A19103F-16F7-4668-BE54-9A1E7A4F7556}") = "callingMethod", "27-10-2022\callingMethod\callingMethod.csproj", "{843D2D86-2D7A-451D-830E-0E36AD7D3404}"
EndProject
Project("{9A19103F-16F7-4668-BE54-9A1E7A4F7556}") = "doWhile", "27-10-2022\doWhile\doWhile.csproj", "{D8CC77FD-C6A7-4EFB-92A7-D9ED5998C85B}"
EndProject
Project("{9A19103F-16F7-4668-BE54-9A1E7A4F7556}") = "inheritance", "27-10-2022\inheritance\inheritance.csproj", "{A4278815-1556-470C-82A6-4CAFEF6D81C0}"
EndProject
Project("{9A19103F-16F7-4668-BE54-9A1E7A4F7556}") = "MethodHiding", "27-10-2022\MethodHiding\MethodHiding.csproj", "{8626717B-45F5-4AEA-8443-381D4B5035B6}"
EndProject
Project("{9A19103F-16F7-4668-BE54-9A1E7A4F7556}") = "MethodOverloading", "27-10-2022\MethodOverloading\MethodOverloading.csproj", "{A47F0A1E-D3AA-40E2-899F-CBFD3E445379}"
EndProject
Project("{9A19103F-16F7-4668-BE54-9A1E7A4F7556}") = "MethodOverloading2", "27-10-2022\MethodOverloading2\MethodOverloading2.csproj", "{F56D26FE-37FB-4F17-984C-5ADEACDAD064}"
EndProject
Project("{9A19103F-16F7-4668-BE54-9A1E7A4F7556}") = "MethodOverloading3", "27-10-2022\MethodOverloading3\MethodOverloading3.csproj", "{66D3C22C-D366-4686-A4DA-363C1AA6124C}"
EndProject
Project("{9A19103F-16F7-4668-BE54-9A1E7A4F7556}") = "SwitchStatement2", "27-10-2022\SwitchStatement2\SwitchStatement2.csproj", "{10DD4821-8F67-44AE-846E-888C53543A77}"
EndProject
Project("{9A19103F-16F7-4668-BE54-9A1E7A4F7556}") = "SwitchStatement3", "27-10-2022\SwitchStatement3\SwitchStatement3.csproj", "{3BFA958F-D446-472A-B60D-CC74D38B2EDB}"
EndProject
Project("{9A19103F-16F7-4668-BE54-9A1E7A4F7556}") = "SwitchStatment", "27-10-2022\SwitchStatment\SwitchStatment.csproj", "{F1EF50EC-DE06-4266-9F13-61E1250722A6}"
EndProject
Project("{9A19103F-16F7-4668-BE54-9A1E7A4F7556}") = "While", "27-10-2022\While\While.csproj", "{179D2923-68D7-45F4-8EBF-765DD6802051}"
EndProject
Project("{2150E333-8FDC-42A3-9474-1A3956D46DE8}") = "28-10-2022", "28-10-2022", "{68D3CBD1-7993-4A3C-BB3F-0D7B67E804FF}"
EndProject
Project("{9A19103F-16F7-4668-BE54-9A1E7A4F7556}") = "AbstractClass", "28-10-2022\AbstractClass\AbstractClass.csproj", "{527F70E3-C2F4-40E0-8F14-7628CDBADE13}"
EndProject
Project("{9A19103F-16F7-4668-BE54-9A1E7A4F7556}") = "AbstractClass2", "28-10-2022\AbstractClass2\AbstractClass2.csproj", "{47A00A4D-E7D4-449C-884A-6CEC71B836D7}"
EndProject
Project("{9A19103F-16F7-4668-BE54-9A1E7A4F7556}") = "Abstraction", "28-10-2022\Abstraction\Abstraction.csproj", "{3878847A-C794-4EC9-AE0F-E5E9336FC17E}"
EndProject
Project("{9A19103F-16F7-4668-BE54-9A1E7A4F7556}") = "Accessmodifier", "28-10-2022\AccessModifier\Accessmodifier.csproj", "{077DB03A-8555-4008-883A-6F6A0DADE1A4}"
EndProject
Project("{9A19103F-16F7-4668-BE54-9A1E7A4F7556}") = "Attributes", "28-10-2022\Attributes\Attributes.csproj", "{6B2D120E-A13A-4510-BC12-CE79DCEDEF80}"
EndProject
Project("{9A19103F-16F7-4668-BE54-9A1E7A4F7556}") = "customException", "28-10-2022\customException\customException.csproj", "{58920AD3-8016-458B-B212-76AA065C8CF0}"
EndProject
Project("{9A19103F-16F7-4668-BE54-9A1E7A4F7556}") = "Enum", "28-10-2022\Enum\Enum.csproj", "{09680970-775B-4AA0-BFD3-45CBA9BDA631}"
EndProject
Project("{9A19103F-16F7-4668-BE54-9A1E7A4F7556}") = "Exception", "28-10-2022\Exception\Exception.csproj", "{694E456B-D77C-4929-A58E-8BE595F89F2F}"
EndProject
Project("{9A19103F-16F7-4668-BE54-9A1E7A4F7556}") = "Properties", "28-10-2022\Properties\Properties.csproj", "{584C8A88-FBAE-4C56-834B-3C419D88B5B7}"
EndProject
Project("{2150E333-8FDC-42A3-9474-1A3956D46DE8}") = "31-10-2022", "31-10-2022", "{8E7D450D-B67E-4BF1-8C37-3A47E38812EA}"
EndProject
Project("{9A19103F-16F7-4668-BE54-9A1E7A4F7556}") = "Array", "31-10-2022\Array\Array.csproj", "{C6F3D3A5-8970-4C72-9176-78F620D11CA7}"
EndProject
Project("{9A19103F-16F7-4668-BE54-9A1E7A4F7556}") = "AssemblyClass1", "31-10-2022\AssemblyClass1\AssemblyClass1.csproj", "{688A6E3E-DA3B-4960-B6B0-A4284FDC024F}"
EndProject
Project("{9A19103F-16F7-4668-BE54-9A1E7A4F7556}") = "AssemblyClass2", "31-10-2022\AssemblyClass2\AssemblyClass2.csproj", "{C9140F02-B224-404B-8145-A4AF35970716}"
EndProject
Project("{9A19103F-16F7-4668-BE54-9A1E7A4F7556}") = "collection", "31-10-2022\collection\collection.csproj", "{08A966E0-D9F6-4251-9E28-3B4F808D0676}"
EndProject
Project("{9A19103F-16F7-4668-BE54-9A1E7A4F7556}") = "generic", "31-10-2022\generic\generic.csproj", "{FE09D790-0732-45BC-882A-225ED8DAA197}"
EndProject
Project("{9A19103F-16F7-4668-BE54-9A1E7A4F7556}") = "internal", "31-10-2022\internal\internal.csproj", "{9C418AD3-C7E4-4131-A101-4541FA3CF2CC}"
EndProject
Project("{9A19103F-16F7-4668-BE54-9A1E7A4F7556}") = "overrideEqualsMethod", "31-10-2022\overrideEqualsMethod\overrideEqualsMethod.csproj", "{5583D43F-2445-41DE-B2B2-E221588B47D7}"
EndProject
Project("{9A19103F-16F7-4668-BE54-9A1E7A4F7556}") = "overrideStringMethod", "31-10-2022\overrideStringMethod\overrideStringMethod.csproj", "{AB4A08B1-1691-427B-AE90-70C29B80200C}"
EndProject
Project("{9A19103F-16F7-4668-BE54-9A1E7A4F7556}") = "TypeMember", "31-10-2022\TypeMember\TypeMember.csproj", "{EBFD7B58-874B-4A53-BB46-B9FBBB03B699}"
EndProject
Global
	GlobalSection(SolutionConfigurationPlatforms) = preSolution
		Debug|Any CPU = Debug|Any CPU
		Release|Any CPU = Release|Any CPU
	EndGlobalSection
	GlobalSection(ProjectConfigurationPlatforms) = postSolution
		{874B3C72-4616-4120-9A2E-79A45CF7D429}.Debug|Any CPU.ActiveCfg = Debug|Any CPU
		{874B3C72-4616-4120-9A2E-79A45CF7D429}.Debug|Any CPU.Build.0 = Debug|Any CPU
		{874B3C72-4616-4120-9A2E-79A45CF7D429}.Release|Any CPU.ActiveCfg = Release|Any CPU
		{874B3C72-4616-4120-9A2E-79A45CF7D429}.Release|Any CPU.Build.0 = Release|Any CPU
		{FEF93561-54E5-4A84-9BBB-85B16524E93F}.Debug|Any CPU.ActiveCfg = Debug|Any CPU
		{FEF93561-54E5-4A84-9BBB-85B16524E93F}.Debug|Any CPU.Build.0 = Debug|Any CPU
		{FEF93561-54E5-4A84-9BBB-85B16524E93F}.Release|Any CPU.ActiveCfg = Release|Any CPU
		{FEF93561-54E5-4A84-9BBB-85B16524E93F}.Release|Any CPU.Build.0 = Release|Any CPU
		{E6FDD2EE-7ADF-4D06-B0BC-0DA0525ED696}.Debug|Any CPU.ActiveCfg = Debug|Any CPU
		{E6FDD2EE-7ADF-4D06-B0BC-0DA0525ED696}.Debug|Any CPU.Build.0 = Debug|Any CPU
		{E6FDD2EE-7ADF-4D06-B0BC-0DA0525ED696}.Release|Any CPU.ActiveCfg = Release|Any CPU
		{E6FDD2EE-7ADF-4D06-B0BC-0DA0525ED696}.Release|Any CPU.Build.0 = Release|Any CPU
		{19208233-4520-45EA-BAC4-FCA5F185B818}.Debug|Any CPU.ActiveCfg = Debug|Any CPU
		{19208233-4520-45EA-BAC4-FCA5F185B818}.Debug|Any CPU.Build.0 = Debug|Any CPU
		{19208233-4520-45EA-BAC4-FCA5F185B818}.Release|Any CPU.ActiveCfg = Release|Any CPU
		{19208233-4520-45EA-BAC4-FCA5F185B818}.Release|Any CPU.Build.0 = Release|Any CPU
		{4471F056-BCB1-4312-8D6C-CB9BE3072306}.Debug|Any CPU.ActiveCfg = Debug|Any CPU
		{4471F056-BCB1-4312-8D6C-CB9BE3072306}.Debug|Any CPU.Build.0 = Debug|Any CPU
		{4471F056-BCB1-4312-8D6C-CB9BE3072306}.Release|Any CPU.ActiveCfg = Release|Any CPU
		{4471F056-BCB1-4312-8D6C-CB9BE3072306}.Release|Any CPU.Build.0 = Release|Any CPU
		{E5B50BB4-6879-49B7-925A-B7E449FB0BA0}.Debug|Any CPU.ActiveCfg = Debug|Any CPU
		{E5B50BB4-6879-49B7-925A-B7E449FB0BA0}.Debug|Any CPU.Build.0 = Debug|Any CPU
		{E5B50BB4-6879-49B7-925A-B7E449FB0BA0}.Release|Any CPU.ActiveCfg = Release|Any CPU
		{E5B50BB4-6879-49B7-925A-B7E449FB0BA0}.Release|Any CPU.Build.0 = Release|Any CPU
		{B10CD75E-AE5A-44EB-89D9-08247C58B503}.Debug|Any CPU.ActiveCfg = Debug|Any CPU
		{B10CD75E-AE5A-44EB-89D9-08247C58B503}.Debug|Any CPU.Build.0 = Debug|Any CPU
		{B10CD75E-AE5A-44EB-89D9-08247C58B503}.Release|Any CPU.ActiveCfg = Release|Any CPU
		{B10CD75E-AE5A-44EB-89D9-08247C58B503}.Release|Any CPU.Build.0 = Release|Any CPU
		{6BA4D140-16A3-47CF-9C49-5E28B3172570}.Debug|Any CPU.ActiveCfg = Debug|Any CPU
		{6BA4D140-16A3-47CF-9C49-5E28B3172570}.Debug|Any CPU.Build.0 = Debug|Any CPU
		{6BA4D140-16A3-47CF-9C49-5E28B3172570}.Release|Any CPU.ActiveCfg = Release|Any CPU
		{6BA4D140-16A3-47CF-9C49-5E28B3172570}.Release|Any CPU.Build.0 = Release|Any CPU
		{F3E24BEE-26EE-412A-91EF-C99CF04604F9}.Debug|Any CPU.ActiveCfg = Debug|Any CPU
		{F3E24BEE-26EE-412A-91EF-C99CF04604F9}.Debug|Any CPU.Build.0 = Debug|Any CPU
		{F3E24BEE-26EE-412A-91EF-C99CF04604F9}.Release|Any CPU.ActiveCfg = Release|Any CPU
		{F3E24BEE-26EE-412A-91EF-C99CF04604F9}.Release|Any CPU.Build.0 = Release|Any CPU
		{49DBFB8C-D31F-4F1E-BB1D-A35AE72AAEF0}.Debug|Any CPU.ActiveCfg = Debug|Any CPU
		{49DBFB8C-D31F-4F1E-BB1D-A35AE72AAEF0}.Debug|Any CPU.Build.0 = Debug|Any CPU
		{49DBFB8C-D31F-4F1E-BB1D-A35AE72AAEF0}.Release|Any CPU.ActiveCfg = Release|Any CPU
		{49DBFB8C-D31F-4F1E-BB1D-A35AE72AAEF0}.Release|Any CPU.Build.0 = Release|Any CPU
		{E6D26DD3-D33D-47FF-B9D3-2B8DB671E867}.Debug|Any CPU.ActiveCfg = Debug|Any CPU
		{E6D26DD3-D33D-47FF-B9D3-2B8DB671E867}.Debug|Any CPU.Build.0 = Debug|Any CPU
		{E6D26DD3-D33D-47FF-B9D3-2B8DB671E867}.Release|Any CPU.ActiveCfg = Release|Any CPU
		{E6D26DD3-D33D-47FF-B9D3-2B8DB671E867}.Release|Any CPU.Build.0 = Release|Any CPU
		{562C325F-8115-41E1-B9B6-E1D3D5B23AE2}.Debug|Any CPU.ActiveCfg = Debug|Any CPU
		{562C325F-8115-41E1-B9B6-E1D3D5B23AE2}.Debug|Any CPU.Build.0 = Debug|Any CPU
		{562C325F-8115-41E1-B9B6-E1D3D5B23AE2}.Release|Any CPU.ActiveCfg = Release|Any CPU
		{562C325F-8115-41E1-B9B6-E1D3D5B23AE2}.Release|Any CPU.Build.0 = Release|Any CPU
		{BAA77025-CDF9-4929-B967-DDA432E44E2E}.Debug|Any CPU.ActiveCfg = Debug|Any CPU
		{BAA77025-CDF9-4929-B967-DDA432E44E2E}.Debug|Any CPU.Build.0 = Debug|Any CPU
		{BAA77025-CDF9-4929-B967-DDA432E44E2E}.Release|Any CPU.ActiveCfg = Release|Any CPU
		{BAA77025-CDF9-4929-B967-DDA432E44E2E}.Release|Any CPU.Build.0 = Release|Any CPU
		{EDEDD892-9580-4FE3-BAA9-6F099C4F8E73}.Debug|Any CPU.ActiveCfg = Debug|Any CPU
		{EDEDD892-9580-4FE3-BAA9-6F099C4F8E73}.Debug|Any CPU.Build.0 = Debug|Any CPU
		{EDEDD892-9580-4FE3-BAA9-6F099C4F8E73}.Release|Any CPU.ActiveCfg = Release|Any CPU
		{EDEDD892-9580-4FE3-BAA9-6F099C4F8E73}.Release|Any CPU.Build.0 = Release|Any CPU
		{A30D21A2-CA26-4F07-BE72-93EB7D99E58E}.Debug|Any CPU.ActiveCfg = Debug|Any CPU
		{A30D21A2-CA26-4F07-BE72-93EB7D99E58E}.Debug|Any CPU.Build.0 = Debug|Any CPU
		{A30D21A2-CA26-4F07-BE72-93EB7D99E58E}.Release|Any CPU.ActiveCfg = Release|Any CPU
		{A30D21A2-CA26-4F07-BE72-93EB7D99E58E}.Release|Any CPU.Build.0 = Release|Any CPU
		{73813C54-4559-494C-940B-FE4B6F9D2F14}.Debug|Any CPU.ActiveCfg = Debug|Any CPU
		{73813C54-4559-494C-940B-FE4B6F9D2F14}.Debug|Any CPU.Build.0 = Debug|Any CPU
		{73813C54-4559-494C-940B-FE4B6F9D2F14}.Release|Any CPU.ActiveCfg = Release|Any CPU
		{73813C54-4559-494C-940B-FE4B6F9D2F14}.Release|Any CPU.Build.0 = Release|Any CPU
		{9EF52E9B-04CF-40B8-8B2D-4EC60D590968}.Debug|Any CPU.ActiveCfg = Debug|Any CPU
		{9EF52E9B-04CF-40B8-8B2D-4EC60D590968}.Debug|Any CPU.Build.0 = Debug|Any CPU
		{9EF52E9B-04CF-40B8-8B2D-4EC60D590968}.Release|Any CPU.ActiveCfg = Release|Any CPU
		{9EF52E9B-04CF-40B8-8B2D-4EC60D590968}.Release|Any CPU.Build.0 = Release|Any CPU
		{F9D83FE2-DB37-4F76-997A-A99CBDEB3425}.Debug|Any CPU.ActiveCfg = Debug|Any CPU
		{F9D83FE2-DB37-4F76-997A-A99CBDEB3425}.Debug|Any CPU.Build.0 = Debug|Any CPU
		{F9D83FE2-DB37-4F76-997A-A99CBDEB3425}.Release|Any CPU.ActiveCfg = Release|Any CPU
		{F9D83FE2-DB37-4F76-997A-A99CBDEB3425}.Release|Any CPU.Build.0 = Release|Any CPU
		{AC1F2477-9B5B-4A56-9939-B31ACD4FFA59}.Debug|Any CPU.ActiveCfg = Debug|Any CPU
		{AC1F2477-9B5B-4A56-9939-B31ACD4FFA59}.Debug|Any CPU.Build.0 = Debug|Any CPU
		{AC1F2477-9B5B-4A56-9939-B31ACD4FFA59}.Release|Any CPU.ActiveCfg = Release|Any CPU
		{AC1F2477-9B5B-4A56-9939-B31ACD4FFA59}.Release|Any CPU.Build.0 = Release|Any CPU
		{EE9BA6F4-34E5-4134-9E67-D173DC9A740B}.Debug|Any CPU.ActiveCfg = Debug|Any CPU
		{EE9BA6F4-34E5-4134-9E67-D173DC9A740B}.Debug|Any CPU.Build.0 = Debug|Any CPU
		{EE9BA6F4-34E5-4134-9E67-D173DC9A740B}.Release|Any CPU.ActiveCfg = Release|Any CPU
		{EE9BA6F4-34E5-4134-9E67-D173DC9A740B}.Release|Any CPU.Build.0 = Release|Any CPU
		{7817FFE2-D6AA-4BD0-B9C1-8D35DDBD5495}.Debug|Any CPU.ActiveCfg = Debug|Any CPU
		{7817FFE2-D6AA-4BD0-B9C1-8D35DDBD5495}.Debug|Any CPU.Build.0 = Debug|Any CPU
		{7817FFE2-D6AA-4BD0-B9C1-8D35DDBD5495}.Release|Any CPU.ActiveCfg = Release|Any CPU
		{7817FFE2-D6AA-4BD0-B9C1-8D35DDBD5495}.Release|Any CPU.Build.0 = Release|Any CPU
		{B403E7AB-69E8-497C-BC40-DD1CCE60728D}.Debug|Any CPU.ActiveCfg = Debug|Any CPU
		{B403E7AB-69E8-497C-BC40-DD1CCE60728D}.Debug|Any CPU.Build.0 = Debug|Any CPU
		{B403E7AB-69E8-497C-BC40-DD1CCE60728D}.Release|Any CPU.ActiveCfg = Release|Any CPU
		{B403E7AB-69E8-497C-BC40-DD1CCE60728D}.Release|Any CPU.Build.0 = Release|Any CPU
		{7A95DE56-D804-424C-9008-561DB401A220}.Debug|Any CPU.ActiveCfg = Debug|Any CPU
		{7A95DE56-D804-424C-9008-561DB401A220}.Debug|Any CPU.Build.0 = Debug|Any CPU
		{7A95DE56-D804-424C-9008-561DB401A220}.Release|Any CPU.ActiveCfg = Release|Any CPU
		{7A95DE56-D804-424C-9008-561DB401A220}.Release|Any CPU.Build.0 = Release|Any CPU
		{D9E9FB76-F0F4-47C3-B95A-BF073EFC18EC}.Debug|Any CPU.ActiveCfg = Debug|Any CPU
		{D9E9FB76-F0F4-47C3-B95A-BF073EFC18EC}.Debug|Any CPU.Build.0 = Debug|Any CPU
		{D9E9FB76-F0F4-47C3-B95A-BF073EFC18EC}.Release|Any CPU.ActiveCfg = Release|Any CPU
		{D9E9FB76-F0F4-47C3-B95A-BF073EFC18EC}.Release|Any CPU.Build.0 = Release|Any CPU
		{C602AEB2-3BA0-403D-89D3-03E8450B0DB9}.Debug|Any CPU.ActiveCfg = Debug|Any CPU
		{C602AEB2-3BA0-403D-89D3-03E8450B0DB9}.Debug|Any CPU.Build.0 = Debug|Any CPU
		{C602AEB2-3BA0-403D-89D3-03E8450B0DB9}.Release|Any CPU.ActiveCfg = Release|Any CPU
		{C602AEB2-3BA0-403D-89D3-03E8450B0DB9}.Release|Any CPU.Build.0 = Release|Any CPU
		{2B6489C3-500A-47E9-88AD-0C3F49CEC2AF}.Debug|Any CPU.ActiveCfg = Debug|Any CPU
		{2B6489C3-500A-47E9-88AD-0C3F49CEC2AF}.Debug|Any CPU.Build.0 = Debug|Any CPU
		{2B6489C3-500A-47E9-88AD-0C3F49CEC2AF}.Release|Any CPU.ActiveCfg = Release|Any CPU
		{2B6489C3-500A-47E9-88AD-0C3F49CEC2AF}.Release|Any CPU.Build.0 = Release|Any CPU
		{58DDBD13-A32B-4D7F-8783-DD1D451F6EA6}.Debug|Any CPU.ActiveCfg = Debug|Any CPU
		{58DDBD13-A32B-4D7F-8783-DD1D451F6EA6}.Debug|Any CPU.Build.0 = Debug|Any CPU
		{58DDBD13-A32B-4D7F-8783-DD1D451F6EA6}.Release|Any CPU.ActiveCfg = Release|Any CPU
		{58DDBD13-A32B-4D7F-8783-DD1D451F6EA6}.Release|Any CPU.Build.0 = Release|Any CPU
		{8F721E93-E7E7-4747-AAA7-99A4C7403684}.Debug|Any CPU.ActiveCfg = Debug|Any CPU
		{8F721E93-E7E7-4747-AAA7-99A4C7403684}.Debug|Any CPU.Build.0 = Debug|Any CPU
		{8F721E93-E7E7-4747-AAA7-99A4C7403684}.Release|Any CPU.ActiveCfg = Release|Any CPU
		{8F721E93-E7E7-4747-AAA7-99A4C7403684}.Release|Any CPU.Build.0 = Release|Any CPU
		{B619EA04-C16F-4C4F-94BA-C00ED1EC1841}.Debug|Any CPU.ActiveCfg = Debug|Any CPU
		{B619EA04-C16F-4C4F-94BA-C00ED1EC1841}.Debug|Any CPU.Build.0 = Debug|Any CPU
		{B619EA04-C16F-4C4F-94BA-C00ED1EC1841}.Release|Any CPU.ActiveCfg = Release|Any CPU
		{B619EA04-C16F-4C4F-94BA-C00ED1EC1841}.Release|Any CPU.Build.0 = Release|Any CPU
		{84F246B7-8049-4332-9AA3-120ECF4EA82D}.Debug|Any CPU.ActiveCfg = Debug|Any CPU
		{84F246B7-8049-4332-9AA3-120ECF4EA82D}.Debug|Any CPU.Build.0 = Debug|Any CPU
		{84F246B7-8049-4332-9AA3-120ECF4EA82D}.Release|Any CPU.ActiveCfg = Release|Any CPU
		{84F246B7-8049-4332-9AA3-120ECF4EA82D}.Release|Any CPU.Build.0 = Release|Any CPU
		{9F544907-BC33-499A-B3A1-4B5EE2C16631}.Debug|Any CPU.ActiveCfg = Debug|Any CPU
		{9F544907-BC33-499A-B3A1-4B5EE2C16631}.Debug|Any CPU.Build.0 = Debug|Any CPU
		{9F544907-BC33-499A-B3A1-4B5EE2C16631}.Release|Any CPU.ActiveCfg = Release|Any CPU
		{9F544907-BC33-499A-B3A1-4B5EE2C16631}.Release|Any CPU.Build.0 = Release|Any CPU
		{2439E655-4D93-4F96-9776-FEA77D89CAA1}.Debug|Any CPU.ActiveCfg = Debug|Any CPU
		{2439E655-4D93-4F96-9776-FEA77D89CAA1}.Debug|Any CPU.Build.0 = Debug|Any CPU
		{2439E655-4D93-4F96-9776-FEA77D89CAA1}.Release|Any CPU.ActiveCfg = Release|Any CPU
		{2439E655-4D93-4F96-9776-FEA77D89CAA1}.Release|Any CPU.Build.0 = Release|Any CPU
		{649F27BD-20E8-4B93-A5EF-8FCB979D42C9}.Debug|Any CPU.ActiveCfg = Debug|Any CPU
		{649F27BD-20E8-4B93-A5EF-8FCB979D42C9}.Debug|Any CPU.Build.0 = Debug|Any CPU
		{649F27BD-20E8-4B93-A5EF-8FCB979D42C9}.Release|Any CPU.ActiveCfg = Release|Any CPU
		{649F27BD-20E8-4B93-A5EF-8FCB979D42C9}.Release|Any CPU.Build.0 = Release|Any CPU
		{A898E0F6-4E6C-40DA-8A74-4B6805C92E61}.Debug|Any CPU.ActiveCfg = Debug|Any CPU
		{A898E0F6-4E6C-40DA-8A74-4B6805C92E61}.Debug|Any CPU.Build.0 = Debug|Any CPU
		{A898E0F6-4E6C-40DA-8A74-4B6805C92E61}.Release|Any CPU.ActiveCfg = Release|Any CPU
		{A898E0F6-4E6C-40DA-8A74-4B6805C92E61}.Release|Any CPU.Build.0 = Release|Any CPU
		{2A0817CD-406F-4C1F-B4C5-79C78BD086E2}.Debug|Any CPU.ActiveCfg = Debug|Any CPU
		{2A0817CD-406F-4C1F-B4C5-79C78BD086E2}.Debug|Any CPU.Build.0 = Debug|Any CPU
		{2A0817CD-406F-4C1F-B4C5-79C78BD086E2}.Release|Any CPU.ActiveCfg = Release|Any CPU
		{2A0817CD-406F-4C1F-B4C5-79C78BD086E2}.Release|Any CPU.Build.0 = Release|Any CPU
		{28AAB6A5-26FE-43DB-ADEF-E3746B304043}.Debug|Any CPU.ActiveCfg = Debug|Any CPU
		{28AAB6A5-26FE-43DB-ADEF-E3746B304043}.Debug|Any CPU.Build.0 = Debug|Any CPU
		{28AAB6A5-26FE-43DB-ADEF-E3746B304043}.Release|Any CPU.ActiveCfg = Release|Any CPU
		{28AAB6A5-26FE-43DB-ADEF-E3746B304043}.Release|Any CPU.Build.0 = Release|Any CPU
		{4365AE5D-FF1A-4BF4-BAA4-15E8A3771CD0}.Debug|Any CPU.ActiveCfg = Debug|Any CPU
		{4365AE5D-FF1A-4BF4-BAA4-15E8A3771CD0}.Debug|Any CPU.Build.0 = Debug|Any CPU
		{4365AE5D-FF1A-4BF4-BAA4-15E8A3771CD0}.Release|Any CPU.ActiveCfg = Release|Any CPU
		{4365AE5D-FF1A-4BF4-BAA4-15E8A3771CD0}.Release|Any CPU.Build.0 = Release|Any CPU
		{3BC7C1EB-5ADB-4C08-8F78-1774E3C9AB4B}.Debug|Any CPU.ActiveCfg = Debug|Any CPU
		{3BC7C1EB-5ADB-4C08-8F78-1774E3C9AB4B}.Debug|Any CPU.Build.0 = Debug|Any CPU
		{3BC7C1EB-5ADB-4C08-8F78-1774E3C9AB4B}.Release|Any CPU.ActiveCfg = Release|Any CPU
		{3BC7C1EB-5ADB-4C08-8F78-1774E3C9AB4B}.Release|Any CPU.Build.0 = Release|Any CPU
		{843D2D86-2D7A-451D-830E-0E36AD7D3404}.Debug|Any CPU.ActiveCfg = Debug|Any CPU
		{843D2D86-2D7A-451D-830E-0E36AD7D3404}.Debug|Any CPU.Build.0 = Debug|Any CPU
		{843D2D86-2D7A-451D-830E-0E36AD7D3404}.Release|Any CPU.ActiveCfg = Release|Any CPU
		{843D2D86-2D7A-451D-830E-0E36AD7D3404}.Release|Any CPU.Build.0 = Release|Any CPU
		{D8CC77FD-C6A7-4EFB-92A7-D9ED5998C85B}.Debug|Any CPU.ActiveCfg = Debug|Any CPU
		{D8CC77FD-C6A7-4EFB-92A7-D9ED5998C85B}.Debug|Any CPU.Build.0 = Debug|Any CPU
		{D8CC77FD-C6A7-4EFB-92A7-D9ED5998C85B}.Release|Any CPU.ActiveCfg = Release|Any CPU
		{D8CC77FD-C6A7-4EFB-92A7-D9ED5998C85B}.Release|Any CPU.Build.0 = Release|Any CPU
		{A4278815-1556-470C-82A6-4CAFEF6D81C0}.Debug|Any CPU.ActiveCfg = Debug|Any CPU
		{A4278815-1556-470C-82A6-4CAFEF6D81C0}.Debug|Any CPU.Build.0 = Debug|Any CPU
		{A4278815-1556-470C-82A6-4CAFEF6D81C0}.Release|Any CPU.ActiveCfg = Release|Any CPU
		{A4278815-1556-470C-82A6-4CAFEF6D81C0}.Release|Any CPU.Build.0 = Release|Any CPU
		{8626717B-45F5-4AEA-8443-381D4B5035B6}.Debug|Any CPU.ActiveCfg = Debug|Any CPU
		{8626717B-45F5-4AEA-8443-381D4B5035B6}.Debug|Any CPU.Build.0 = Debug|Any CPU
		{8626717B-45F5-4AEA-8443-381D4B5035B6}.Release|Any CPU.ActiveCfg = Release|Any CPU
		{8626717B-45F5-4AEA-8443-381D4B5035B6}.Release|Any CPU.Build.0 = Release|Any CPU
		{A47F0A1E-D3AA-40E2-899F-CBFD3E445379}.Debug|Any CPU.ActiveCfg = Debug|Any CPU
		{A47F0A1E-D3AA-40E2-899F-CBFD3E445379}.Debug|Any CPU.Build.0 = Debug|Any CPU
		{A47F0A1E-D3AA-40E2-899F-CBFD3E445379}.Release|Any CPU.ActiveCfg = Release|Any CPU
		{A47F0A1E-D3AA-40E2-899F-CBFD3E445379}.Release|Any CPU.Build.0 = Release|Any CPU
		{F56D26FE-37FB-4F17-984C-5ADEACDAD064}.Debug|Any CPU.ActiveCfg = Debug|Any CPU
		{F56D26FE-37FB-4F17-984C-5ADEACDAD064}.Debug|Any CPU.Build.0 = Debug|Any CPU
		{F56D26FE-37FB-4F17-984C-5ADEACDAD064}.Release|Any CPU.ActiveCfg = Release|Any CPU
		{F56D26FE-37FB-4F17-984C-5ADEACDAD064}.Release|Any CPU.Build.0 = Release|Any CPU
		{66D3C22C-D366-4686-A4DA-363C1AA6124C}.Debug|Any CPU.ActiveCfg = Debug|Any CPU
		{66D3C22C-D366-4686-A4DA-363C1AA6124C}.Debug|Any CPU.Build.0 = Debug|Any CPU
		{66D3C22C-D366-4686-A4DA-363C1AA6124C}.Release|Any CPU.ActiveCfg = Release|Any CPU
		{66D3C22C-D366-4686-A4DA-363C1AA6124C}.Release|Any CPU.Build.0 = Release|Any CPU
		{10DD4821-8F67-44AE-846E-888C53543A77}.Debug|Any CPU.ActiveCfg = Debug|Any CPU
		{10DD4821-8F67-44AE-846E-888C53543A77}.Debug|Any CPU.Build.0 = Debug|Any CPU
		{10DD4821-8F67-44AE-846E-888C53543A77}.Release|Any CPU.ActiveCfg = Release|Any CPU
		{10DD4821-8F67-44AE-846E-888C53543A77}.Release|Any CPU.Build.0 = Release|Any CPU
		{3BFA958F-D446-472A-B60D-CC74D38B2EDB}.Debug|Any CPU.ActiveCfg = Debug|Any CPU
		{3BFA958F-D446-472A-B60D-CC74D38B2EDB}.Debug|Any CPU.Build.0 = Debug|Any CPU
		{3BFA958F-D446-472A-B60D-CC74D38B2EDB}.Release|Any CPU.ActiveCfg = Release|Any CPU
		{3BFA958F-D446-472A-B60D-CC74D38B2EDB}.Release|Any CPU.Build.0 = Release|Any CPU
		{F1EF50EC-DE06-4266-9F13-61E1250722A6}.Debug|Any CPU.ActiveCfg = Debug|Any CPU
		{F1EF50EC-DE06-4266-9F13-61E1250722A6}.Debug|Any CPU.Build.0 = Debug|Any CPU
		{F1EF50EC-DE06-4266-9F13-61E1250722A6}.Release|Any CPU.ActiveCfg = Release|Any CPU
		{F1EF50EC-DE06-4266-9F13-61E1250722A6}.Release|Any CPU.Build.0 = Release|Any CPU
		{179D2923-68D7-45F4-8EBF-765DD6802051}.Debug|Any CPU.ActiveCfg = Debug|Any CPU
		{179D2923-68D7-45F4-8EBF-765DD6802051}.Debug|Any CPU.Build.0 = Debug|Any CPU
		{179D2923-68D7-45F4-8EBF-765DD6802051}.Release|Any CPU.ActiveCfg = Release|Any CPU
		{179D2923-68D7-45F4-8EBF-765DD6802051}.Release|Any CPU.Build.0 = Release|Any CPU
		{527F70E3-C2F4-40E0-8F14-7628CDBADE13}.Debug|Any CPU.ActiveCfg = Debug|Any CPU
		{527F70E3-C2F4-40E0-8F14-7628CDBADE13}.Debug|Any CPU.Build.0 = Debug|Any CPU
		{527F70E3-C2F4-40E0-8F14-7628CDBADE13}.Release|Any CPU.ActiveCfg = Release|Any CPU
		{527F70E3-C2F4-40E0-8F14-7628CDBADE13}.Release|Any CPU.Build.0 = Release|Any CPU
		{47A00A4D-E7D4-449C-884A-6CEC71B836D7}.Debug|Any CPU.ActiveCfg = Debug|Any CPU
		{47A00A4D-E7D4-449C-884A-6CEC71B836D7}.Debug|Any CPU.Build.0 = Debug|Any CPU
		{47A00A4D-E7D4-449C-884A-6CEC71B836D7}.Release|Any CPU.ActiveCfg = Release|Any CPU
		{47A00A4D-E7D4-449C-884A-6CEC71B836D7}.Release|Any CPU.Build.0 = Release|Any CPU
		{3878847A-C794-4EC9-AE0F-E5E9336FC17E}.Debug|Any CPU.ActiveCfg = Debug|Any CPU
		{3878847A-C794-4EC9-AE0F-E5E9336FC17E}.Debug|Any CPU.Build.0 = Debug|Any CPU
		{3878847A-C794-4EC9-AE0F-E5E9336FC17E}.Release|Any CPU.ActiveCfg = Release|Any CPU
		{3878847A-C794-4EC9-AE0F-E5E9336FC17E}.Release|Any CPU.Build.0 = Release|Any CPU
		{077DB03A-8555-4008-883A-6F6A0DADE1A4}.Debug|Any CPU.ActiveCfg = Debug|Any CPU
		{077DB03A-8555-4008-883A-6F6A0DADE1A4}.Debug|Any CPU.Build.0 = Debug|Any CPU
		{077DB03A-8555-4008-883A-6F6A0DADE1A4}.Release|Any CPU.ActiveCfg = Release|Any CPU
		{077DB03A-8555-4008-883A-6F6A0DADE1A4}.Release|Any CPU.Build.0 = Release|Any CPU
		{6B2D120E-A13A-4510-BC12-CE79DCEDEF80}.Debug|Any CPU.ActiveCfg = Debug|Any CPU
		{6B2D120E-A13A-4510-BC12-CE79DCEDEF80}.Debug|Any CPU.Build.0 = Debug|Any CPU
		{6B2D120E-A13A-4510-BC12-CE79DCEDEF80}.Release|Any CPU.ActiveCfg = Release|Any CPU
		{6B2D120E-A13A-4510-BC12-CE79DCEDEF80}.Release|Any CPU.Build.0 = Release|Any CPU
		{58920AD3-8016-458B-B212-76AA065C8CF0}.Debug|Any CPU.ActiveCfg = Debug|Any CPU
		{58920AD3-8016-458B-B212-76AA065C8CF0}.Debug|Any CPU.Build.0 = Debug|Any CPU
		{58920AD3-8016-458B-B212-76AA065C8CF0}.Release|Any CPU.ActiveCfg = Release|Any CPU
		{58920AD3-8016-458B-B212-76AA065C8CF0}.Release|Any CPU.Build.0 = Release|Any CPU
		{09680970-775B-4AA0-BFD3-45CBA9BDA631}.Debug|Any CPU.ActiveCfg = Debug|Any CPU
		{09680970-775B-4AA0-BFD3-45CBA9BDA631}.Debug|Any CPU.Build.0 = Debug|Any CPU
		{09680970-775B-4AA0-BFD3-45CBA9BDA631}.Release|Any CPU.ActiveCfg = Release|Any CPU
		{09680970-775B-4AA0-BFD3-45CBA9BDA631}.Release|Any CPU.Build.0 = Release|Any CPU
		{694E456B-D77C-4929-A58E-8BE595F89F2F}.Debug|Any CPU.ActiveCfg = Debug|Any CPU
		{694E456B-D77C-4929-A58E-8BE595F89F2F}.Debug|Any CPU.Build.0 = Debug|Any CPU
		{694E456B-D77C-4929-A58E-8BE595F89F2F}.Release|Any CPU.ActiveCfg = Release|Any CPU
		{694E456B-D77C-4929-A58E-8BE595F89F2F}.Release|Any CPU.Build.0 = Release|Any CPU
		{584C8A88-FBAE-4C56-834B-3C419D88B5B7}.Debug|Any CPU.ActiveCfg = Debug|Any CPU
		{584C8A88-FBAE-4C56-834B-3C419D88B5B7}.Debug|Any CPU.Build.0 = Debug|Any CPU
		{584C8A88-FBAE-4C56-834B-3C419D88B5B7}.Release|Any CPU.ActiveCfg = Release|Any CPU
		{584C8A88-FBAE-4C56-834B-3C419D88B5B7}.Release|Any CPU.Build.0 = Release|Any CPU
		{C6F3D3A5-8970-4C72-9176-78F620D11CA7}.Debug|Any CPU.ActiveCfg = Debug|Any CPU
		{C6F3D3A5-8970-4C72-9176-78F620D11CA7}.Debug|Any CPU.Build.0 = Debug|Any CPU
		{C6F3D3A5-8970-4C72-9176-78F620D11CA7}.Release|Any CPU.ActiveCfg = Release|Any CPU
		{C6F3D3A5-8970-4C72-9176-78F620D11CA7}.Release|Any CPU.Build.0 = Release|Any CPU
		{688A6E3E-DA3B-4960-B6B0-A4284FDC024F}.Debug|Any CPU.ActiveCfg = Debug|Any CPU
		{688A6E3E-DA3B-4960-B6B0-A4284FDC024F}.Debug|Any CPU.Build.0 = Debug|Any CPU
		{688A6E3E-DA3B-4960-B6B0-A4284FDC024F}.Release|Any CPU.ActiveCfg = Release|Any CPU
		{688A6E3E-DA3B-4960-B6B0-A4284FDC024F}.Release|Any CPU.Build.0 = Release|Any CPU
		{C9140F02-B224-404B-8145-A4AF35970716}.Debug|Any CPU.ActiveCfg = Debug|Any CPU
		{C9140F02-B224-404B-8145-A4AF35970716}.Debug|Any CPU.Build.0 = Debug|Any CPU
		{C9140F02-B224-404B-8145-A4AF35970716}.Release|Any CPU.ActiveCfg = Release|Any CPU
		{C9140F02-B224-404B-8145-A4AF35970716}.Release|Any CPU.Build.0 = Release|Any CPU
		{08A966E0-D9F6-4251-9E28-3B4F808D0676}.Debug|Any CPU.ActiveCfg = Debug|Any CPU
		{08A966E0-D9F6-4251-9E28-3B4F808D0676}.Debug|Any CPU.Build.0 = Debug|Any CPU
		{08A966E0-D9F6-4251-9E28-3B4F808D0676}.Release|Any CPU.ActiveCfg = Release|Any CPU
		{08A966E0-D9F6-4251-9E28-3B4F808D0676}.Release|Any CPU.Build.0 = Release|Any CPU
		{FE09D790-0732-45BC-882A-225ED8DAA197}.Debug|Any CPU.ActiveCfg = Debug|Any CPU
		{FE09D790-0732-45BC-882A-225ED8DAA197}.Debug|Any CPU.Build.0 = Debug|Any CPU
		{FE09D790-0732-45BC-882A-225ED8DAA197}.Release|Any CPU.ActiveCfg = Release|Any CPU
		{FE09D790-0732-45BC-882A-225ED8DAA197}.Release|Any CPU.Build.0 = Release|Any CPU
		{9C418AD3-C7E4-4131-A101-4541FA3CF2CC}.Debug|Any CPU.ActiveCfg = Debug|Any CPU
		{9C418AD3-C7E4-4131-A101-4541FA3CF2CC}.Debug|Any CPU.Build.0 = Debug|Any CPU
		{9C418AD3-C7E4-4131-A101-4541FA3CF2CC}.Release|Any CPU.ActiveCfg = Release|Any CPU
		{9C418AD3-C7E4-4131-A101-4541FA3CF2CC}.Release|Any CPU.Build.0 = Release|Any CPU
		{5583D43F-2445-41DE-B2B2-E221588B47D7}.Debug|Any CPU.ActiveCfg = Debug|Any CPU
		{5583D43F-2445-41DE-B2B2-E221588B47D7}.Debug|Any CPU.Build.0 = Debug|Any CPU
		{5583D43F-2445-41DE-B2B2-E221588B47D7}.Release|Any CPU.ActiveCfg = Release|Any CPU
		{5583D43F-2445-41DE-B2B2-E221588B47D7}.Release|Any CPU.Build.0 = Release|Any CPU
		{AB4A08B1-1691-427B-AE90-70C29B80200C}.Debug|Any CPU.ActiveCfg = Debug|Any CPU
		{AB4A08B1-1691-427B-AE90-70C29B80200C}.Debug|Any CPU.Build.0 = Debug|Any CPU
		{AB4A08B1-1691-427B-AE90-70C29B80200C}.Release|Any CPU.ActiveCfg = Release|Any CPU
		{AB4A08B1-1691-427B-AE90-70C29B80200C}.Release|Any CPU.Build.0 = Release|Any CPU
		{EBFD7B58-874B-4A53-BB46-B9FBBB03B699}.Debug|Any CPU.ActiveCfg = Debug|Any CPU
		{EBFD7B58-874B-4A53-BB46-B9FBBB03B699}.Debug|Any CPU.Build.0 = Debug|Any CPU
		{EBFD7B58-874B-4A53-BB46-B9FBBB03B699}.Release|Any CPU.ActiveCfg = Release|Any CPU
		{EBFD7B58-874B-4A53-BB46-B9FBBB03B699}.Release|Any CPU.Build.0 = Release|Any CPU
	EndGlobalSection
	GlobalSection(SolutionProperties) = preSolution
		HideSolutionNode = FALSE
	EndGlobalSection
	GlobalSection(NestedProjects) = preSolution
		{FEF93561-54E5-4A84-9BBB-85B16524E93F} = {9283F125-B39E-4837-8E43-1F5C74711A11}
		{E6FDD2EE-7ADF-4D06-B0BC-0DA0525ED696} = {9283F125-B39E-4837-8E43-1F5C74711A11}
		{19208233-4520-45EA-BAC4-FCA5F185B818} = {9283F125-B39E-4837-8E43-1F5C74711A11}
		{4471F056-BCB1-4312-8D6C-CB9BE3072306} = {9283F125-B39E-4837-8E43-1F5C74711A11}
		{E5B50BB4-6879-49B7-925A-B7E449FB0BA0} = {9283F125-B39E-4837-8E43-1F5C74711A11}
		{B10CD75E-AE5A-44EB-89D9-08247C58B503} = {9283F125-B39E-4837-8E43-1F5C74711A11}
		{6BA4D140-16A3-47CF-9C49-5E28B3172570} = {9283F125-B39E-4837-8E43-1F5C74711A11}
		{F3E24BEE-26EE-412A-91EF-C99CF04604F9} = {9283F125-B39E-4837-8E43-1F5C74711A11}
		{49DBFB8C-D31F-4F1E-BB1D-A35AE72AAEF0} = {9283F125-B39E-4837-8E43-1F5C74711A11}
		{E6D26DD3-D33D-47FF-B9D3-2B8DB671E867} = {9283F125-B39E-4837-8E43-1F5C74711A11}
		{562C325F-8115-41E1-B9B6-E1D3D5B23AE2} = {9283F125-B39E-4837-8E43-1F5C74711A11}
		{BAA77025-CDF9-4929-B967-DDA432E44E2E} = {9283F125-B39E-4837-8E43-1F5C74711A11}
		{EDEDD892-9580-4FE3-BAA9-6F099C4F8E73} = {9283F125-B39E-4837-8E43-1F5C74711A11}
		{A30D21A2-CA26-4F07-BE72-93EB7D99E58E} = {9283F125-B39E-4837-8E43-1F5C74711A11}
		{73813C54-4559-494C-940B-FE4B6F9D2F14} = {9283F125-B39E-4837-8E43-1F5C74711A11}
		{9EF52E9B-04CF-40B8-8B2D-4EC60D590968} = {9283F125-B39E-4837-8E43-1F5C74711A11}
		{F9D83FE2-DB37-4F76-997A-A99CBDEB3425} = {9283F125-B39E-4837-8E43-1F5C74711A11}
		{AC1F2477-9B5B-4A56-9939-B31ACD4FFA59} = {E71EE58D-A17C-4B77-96CF-20691BF043B4}
		{EE9BA6F4-34E5-4134-9E67-D173DC9A740B} = {E71EE58D-A17C-4B77-96CF-20691BF043B4}
		{7817FFE2-D6AA-4BD0-B9C1-8D35DDBD5495} = {E71EE58D-A17C-4B77-96CF-20691BF043B4}
		{B403E7AB-69E8-497C-BC40-DD1CCE60728D} = {E71EE58D-A17C-4B77-96CF-20691BF043B4}
		{7A95DE56-D804-424C-9008-561DB401A220} = {E71EE58D-A17C-4B77-96CF-20691BF043B4}
		{D9E9FB76-F0F4-47C3-B95A-BF073EFC18EC} = {E71EE58D-A17C-4B77-96CF-20691BF043B4}
		{C602AEB2-3BA0-403D-89D3-03E8450B0DB9} = {E71EE58D-A17C-4B77-96CF-20691BF043B4}
		{2B6489C3-500A-47E9-88AD-0C3F49CEC2AF} = {E71EE58D-A17C-4B77-96CF-20691BF043B4}
		{58DDBD13-A32B-4D7F-8783-DD1D451F6EA6} = {E71EE58D-A17C-4B77-96CF-20691BF043B4}
		{8F721E93-E7E7-4747-AAA7-99A4C7403684} = {E71EE58D-A17C-4B77-96CF-20691BF043B4}
		{B619EA04-C16F-4C4F-94BA-C00ED1EC1841} = {497B3F4C-C562-4DB2-BFED-B4C13391C04B}
		{84F246B7-8049-4332-9AA3-120ECF4EA82D} = {497B3F4C-C562-4DB2-BFED-B4C13391C04B}
		{9F544907-BC33-499A-B3A1-4B5EE2C16631} = {497B3F4C-C562-4DB2-BFED-B4C13391C04B}
		{2439E655-4D93-4F96-9776-FEA77D89CAA1} = {497B3F4C-C562-4DB2-BFED-B4C13391C04B}
		{649F27BD-20E8-4B93-A5EF-8FCB979D42C9} = {497B3F4C-C562-4DB2-BFED-B4C13391C04B}
		{A898E0F6-4E6C-40DA-8A74-4B6805C92E61} = {497B3F4C-C562-4DB2-BFED-B4C13391C04B}
		{2A0817CD-406F-4C1F-B4C5-79C78BD086E2} = {497B3F4C-C562-4DB2-BFED-B4C13391C04B}
		{28AAB6A5-26FE-43DB-ADEF-E3746B304043} = {497B3F4C-C562-4DB2-BFED-B4C13391C04B}
		{4365AE5D-FF1A-4BF4-BAA4-15E8A3771CD0} = {497B3F4C-C562-4DB2-BFED-B4C13391C04B}
		{3BC7C1EB-5ADB-4C08-8F78-1774E3C9AB4B} = {497B3F4C-C562-4DB2-BFED-B4C13391C04B}
		{843D2D86-2D7A-451D-830E-0E36AD7D3404} = {FFFFEE75-FBE4-4A28-89C9-4C33EC6F2981}
		{D8CC77FD-C6A7-4EFB-92A7-D9ED5998C85B} = {FFFFEE75-FBE4-4A28-89C9-4C33EC6F2981}
		{A4278815-1556-470C-82A6-4CAFEF6D81C0} = {FFFFEE75-FBE4-4A28-89C9-4C33EC6F2981}
		{8626717B-45F5-4AEA-8443-381D4B5035B6} = {FFFFEE75-FBE4-4A28-89C9-4C33EC6F2981}
		{A47F0A1E-D3AA-40E2-899F-CBFD3E445379} = {FFFFEE75-FBE4-4A28-89C9-4C33EC6F2981}
		{F56D26FE-37FB-4F17-984C-5ADEACDAD064} = {FFFFEE75-FBE4-4A28-89C9-4C33EC6F2981}
		{66D3C22C-D366-4686-A4DA-363C1AA6124C} = {FFFFEE75-FBE4-4A28-89C9-4C33EC6F2981}
		{10DD4821-8F67-44AE-846E-888C53543A77} = {FFFFEE75-FBE4-4A28-89C9-4C33EC6F2981}
		{3BFA958F-D446-472A-B60D-CC74D38B2EDB} = {FFFFEE75-FBE4-4A28-89C9-4C33EC6F2981}
		{F1EF50EC-DE06-4266-9F13-61E1250722A6} = {FFFFEE75-FBE4-4A28-89C9-4C33EC6F2981}
		{179D2923-68D7-45F4-8EBF-765DD6802051} = {FFFFEE75-FBE4-4A28-89C9-4C33EC6F2981}
		{527F70E3-C2F4-40E0-8F14-7628CDBADE13} = {68D3CBD1-7993-4A3C-BB3F-0D7B67E804FF}
		{47A00A4D-E7D4-449C-884A-6CEC71B836D7} = {68D3CBD1-7993-4A3C-BB3F-0D7B67E804FF}
		{3878847A-C794-4EC9-AE0F-E5E9336FC17E} = {68D3CBD1-7993-4A3C-BB3F-0D7B67E804FF}
		{077DB03A-8555-4008-883A-6F6A0DADE1A4} = {68D3CBD1-7993-4A3C-BB3F-0D7B67E804FF}
		{6B2D120E-A13A-4510-BC12-CE79DCEDEF80} = {68D3CBD1-7993-4A3C-BB3F-0D7B67E804FF}
		{58920AD3-8016-458B-B212-76AA065C8CF0} = {68D3CBD1-7993-4A3C-BB3F-0D7B67E804FF}
		{09680970-775B-4AA0-BFD3-45CBA9BDA631} = {68D3CBD1-7993-4A3C-BB3F-0D7B67E804FF}
		{694E456B-D77C-4929-A58E-8BE595F89F2F} = {68D3CBD1-7993-4A3C-BB3F-0D7B67E804FF}
		{584C8A88-FBAE-4C56-834B-3C419D88B5B7} = {68D3CBD1-7993-4A3C-BB3F-0D7B67E804FF}
		{C6F3D3A5-8970-4C72-9176-78F620D11CA7} = {8E7D450D-B67E-4BF1-8C37-3A47E38812EA}
		{688A6E3E-DA3B-4960-B6B0-A4284FDC024F} = {8E7D450D-B67E-4BF1-8C37-3A47E38812EA}
		{C9140F02-B224-404B-8145-A4AF35970716} = {8E7D450D-B67E-4BF1-8C37-3A47E38812EA}
		{08A966E0-D9F6-4251-9E28-3B4F808D0676} = {8E7D450D-B67E-4BF1-8C37-3A47E38812EA}
		{FE09D790-0732-45BC-882A-225ED8DAA197} = {8E7D450D-B67E-4BF1-8C37-3A47E38812EA}
		{9C418AD3-C7E4-4131-A101-4541FA3CF2CC} = {8E7D450D-B67E-4BF1-8C37-3A47E38812EA}
		{5583D43F-2445-41DE-B2B2-E221588B47D7} = {8E7D450D-B67E-4BF1-8C37-3A47E38812EA}
		{AB4A08B1-1691-427B-AE90-70C29B80200C} = {8E7D450D-B67E-4BF1-8C37-3A47E38812EA}
		{EBFD7B58-874B-4A53-BB46-B9FBBB03B699} = {8E7D450D-B67E-4BF1-8C37-3A47E38812EA}
	EndGlobalSection
	GlobalSection(ExtensibilityGlobals) = postSolution
		SolutionGuid = {EE4C223C-82AD-4A63-B2CB-DCD0E23DB82D}
	EndGlobalSection
EndGlobal
